
Microsoft Visual Studio Solution File, Format Version 12.00
# Visual Studio Version 17
VisualStudioVersion = 17.4.33205.214
MinimumVisualStudioVersion = 10.0.40219.1
Project("{FAE04EC0-301F-11D3-BF4B-00C04F79EFBC}") = "RBA_Session-05_Challenge", "RBA_Session-05_Challenge\RBA_Session-05_Challenge.csproj", "{76476905-A90A-456F-A6AE-9C2E2F6E908D}"
EndProject
Global
	GlobalSection(SolutionConfigurationPlatforms) = preSolution
		Debug|Any CPU = Debug|Any CPU
		Release|Any CPU = Release|Any CPU
	EndGlobalSection
	GlobalSection(ProjectConfigurationPlatforms) = postSolution
		{76476905-A90A-456F-A6AE-9C2E2F6E908D}.Debug|Any CPU.ActiveCfg = Debug|Any CPU
		{76476905-A90A-456F-A6AE-9C2E2F6E908D}.Debug|Any CPU.Build.0 = Debug|Any CPU
		{76476905-A90A-456F-A6AE-9C2E2F6E908D}.Release|Any CPU.ActiveCfg = Release|Any CPU
		{76476905-A90A-456F-A6AE-9C2E2F6E908D}.Release|Any CPU.Build.0 = Release|Any CPU
	EndGlobalSection
	GlobalSection(SolutionProperties) = preSolution
		HideSolutionNode = FALSE
	EndGlobalSection
	GlobalSection(ExtensibilityGlobals) = postSolution
		SolutionGuid = {9D352F68-4D6F-4EC6-B1E4-3C72B990DCE0}
	EndGlobalSection
EndGlobal
